{
  "name": "vmt-to-vmat",
  "version": "1.0.2",
  "lockfileVersion": 2,
  "requires": true,
  "packages": {
    "": {
      "version": "1.0.2",
      "license": "GPL-3.0",
      "dependencies": {
        "minimist": "^1.2.5",
        "node-vmt-parser": "TeamPopplio/node-vmt-parser"
      },
      "bin": {
        "vmttovmat": "cli.js"
      }
    },
    "node_modules/minimist": {
      "version": "1.2.5",
      "resolved": "https://registry.npmjs.org/minimist/-/minimist-1.2.5.tgz",
      "integrity": "sha512-FM9nNUYrRBAELZQT3xeZQ7fmMOBg6nWNmJKTcgsJeaLstP/UODVpGsr5OhXhhXg6f+qtJ8uiZ+PUxkDWcgIXLw=="
    },
    "node_modules/node-vmt-parser": {
      "version": "1.0.8",
      "resolved": "git+ssh://git@github.com/TeamPopplio/node-vmt-parser.git#1a6cfa59e74642c03365779527d05a6591ab901c",
      "license": "MIT"
    }
  },
  "dependencies": {
    "minimist": {
      "version": "1.2.5",
      "resolved": "https://registry.npmjs.org/minimist/-/minimist-1.2.5.tgz",
      "integrity": "sha512-FM9nNUYrRBAELZQT3xeZQ7fmMOBg6nWNmJKTcgsJeaLstP/UODVpGsr5OhXhhXg6f+qtJ8uiZ+PUxkDWcgIXLw=="
    },
    "node-vmt-parser": {
      "version": "git+ssh://git@github.com/TeamPopplio/node-vmt-parser.git#1a6cfa59e74642c03365779527d05a6591ab901c",
      "from": "node-vmt-parser@TeamPopplio/node-vmt-parser"
    }
  }
}
